version: 1
checksums:
  bc34d686b18ce67724a1d370abcad390:
    appTitle: 71be49f894cd326ee4e8b39ff7b81a2e
    newSnippet: b3943479bd6a621915515bc833d4391f
    filename: 204ca549547c002a0f5d2d92861c59fd
    selectLanguage: fb22578f5a3b1a41925a22740b3f8c81
    save: f7a2929f33bc420195e59ac5a8bcd454
    saving: 7cb2d8f012d57db8a62187b65ef164dc
    hidePreview: 4c9e7386fbc8240b9d4dbe69564f6549
    showPreview: a3098cc2a58860e556833e125d768a33
    noPreview: 150a575391d8d1a7ed664f495d6c6043
    toggleSidebar: 0ef91fcb33b04612eb8a202f673d7881
    typeToSearch: 6fc546dbfc54fc57ee5f64042a954268
    noSnippetsFound: 8e59c087c15e9d38d9d67c97253eac14
    copy: 627c00d2c850b9b45f7341a6ac01b6bb
    delete: 8bcf303dd10a645b5baacb02b47d72c9
    settings: 8df6777277469c1fd88cc18dde2f1cc3
    backToEditor: 0f217a0ecc765e2a9568c2e3ac788bb1
    customizeYourExperience: 53bdf92dffc891b8e58ee16bbadef2b2
    theme: 21fe00b7a518089576fb83c08631107a
    chooseYourPreferredAppearance: 0290aa295e2a5c01e42f9bba7335abc4
    defaultLanguage: e5e0cb907db1d73621a5124ebf94adb4
    defaultProgrammingLanguage: 1ed7ff84160d8181c5a51bc09df0b0f4
    keyboardShortcuts: ef00d7494b69def6841620bd6554d040
    viewCommonKeyboardShortcuts: b60a6f3ed8e43bf5d1113552c9c3949c
    saveSnippet: dcb2935a26bb5f16abe9dab3b66e1980
    createNewSnippet: bdacb3a33aa6f758858dca3542fd7ceb
    searchSnippets: bc6fdc3f8a98e81cd4fd9e0ea0957a3e
    previewCode: 7d6ba8e1e8e55323bc2697c18cdae1a4
    openSettings: 8eaaab83f5a8c5e90df8322ecd5f25d6
    formatCode: 7171aff83dc5c41878f22e97bd13002c
    undo: 6fa10b811e2894dcdd73718f66c1b481
    redo: 9b58c5e59cbb74536207137a4a447c9b
    appInfo: 1484caec417535375680886a6ff0a33e
    informationAboutCodeQuill: fa8f93954f70096f4f3245d1cd1afa94
    version: 501b826ddd956aae42ef8e3f6865e4a6
    installedVersion: 9433f931e853b562fd3635b2ed72d1a0
    license: ac2bcac75151e2fcd9eb768cea275a77
    openSource: 81a747dc664de1a3389b495c8f84843b
    createdBy: d6344f18a224d12c18933cc162389cf4
    sourceCode: 2afe42059ec9326ec44bc760a937181f
    reportIssue: d58a217381243c3903d18e99e2d37ec5
    dependencies: 2671e243406cc0abd915a1f5a891841c
    librariesUsed: fcaf6dbc16ec9e69a774ae537d931ce1
    production: 226e0ce83b49700bc1b1c08c4c3ed23a
    librariesBundled: e50b0d6c6fec2587df8a2e0be68604b2
    development: 85211dbb918bda7a6e87649dcfc1b17a
    librariesUsedDevelopment: 4887b7d6f2dacea7e2894d3e0417a69a
    productionDependencies: ce3e59fd9a82dd3e2c5f9ba3dd134162
    developmentDependencies: 084af6673bed0cc6629245500b3afdf1
    deleteThisSnippet: a226cebdf8bd4d88bbd4d57972d83b91
    thisActionCannotBeUndone: 2c2368538cccda55f5ad60ca11be4d6e
    cancel: 2e2a849c2223911717de8caa2c71bade
    deleting: 683cd814a3fc94e50b3e4e4a9c90c19c
    newSnippetSaved: 6a80aaa975b407190bf5c69f4c65107d
    snippetSavedSuccessfully: e0f906a304dba911115e3d9553c1ddc5
    snippetCopiedToClipboard: 9f49fd23ec30c4118dd0fd7cccb6b523
    snippetDeletedSuccessfully: 52d71ec78d8d4c3a2337ecc0e8e9705b
    untitled: 84ba9ab3c295dbc18cbe788c4c2eccc8
    youDonTHaveAnySnippets: b09047a604169b30032c30bb74c882ef
    createNow: 9a8854002a1ec60f0ca2940dd91527d2
    morePages: 5be9df97cef78b964ae01fd272496b79
    previous: 25c58dd62f190368a3d2c4c97b385ea9
    next: 89ddbcf710eba274963494f312bdc8a9
    close: 2c2e22f8424a1031de89063bd0022e16
    searchLanguage: 40d2623710cc9921462dd6d500f86be3
    noLanguageFound: 275db0debdea9e15756a22aabf4447a0
    website: da6a6168f21a28ccf2eb29a033d16bd4
    themeLight: bb78ea2c6edd8662676c81a8a13ecb93
    themeDark: 73e6e208ba628b26e90fcf6dce15e1b2
    themeSystem: 803281c327a02a2feba182f4a2b38311
    failedToLoadSnippets: 8b3ef80c456404912a61db52c5dfbebe
    failedToCreateNewSnippet: ba16ac3a48c3dd8fc05d0388cd12a0f8
    creatingNewSnippet: 08b01c7e8dc17fd1c39efc4125308777
    failedToLoadPreviewState: 5474c94a4224ecc7b402a55ac15aa991
    pleaseSelectLanguage: 895acabba086a8aad57c3e8c7ea58eae
    filenameCannotBeEmpty: 7d7222e88ffa32fa4139f018935f7425
    filenameTooLong: 6cedcef7274a70f185067db888434d54
    savingSnippet: 341385b2734ee4007e34b73a4b0c3347
    failedToSaveSnippet: f8301517177288d94e3801c380eca119
    failedToCopySnippet: 60d24698fdfe86a804ce6f7ef10fb9e8
    failedToRemovePreview: 5d059bca32f02c5deb887d381f6d1c09
    deletingSnippet: a34a7d622f658e4bb7fa08aded15d7dd
    failedToDeleteSnippet: 954c9d9c364aa31ff41bd27913916ffc
    appLanguage: 2b7eaaca25bc7ae218db64345ef72629
    selectAppLanguage: 913d766cdf85b1c28be8eb8129a82a9e
    snippetInformation: 0318882eca12a2b8a7b515cc92f8f0fa
    snippetDetails: f1508d4558223d51f5b6f42644206d98
    id: c8886d38aeea2ed5f785aba4fc96784b
    language: 277fd1a41cc237a437cd1d5e4a80463b
    lastSaved: b4494257866928f5f123eb4bb913a846
    info: 5a6cc405211f675152b2460292fe0fb9
